
Microsoft Visual Studio Solution File, Format Version 12.00
# Visual Studio Version 17
VisualStudioVersion = 17.1.32228.430
MinimumVisualStudioVersion = 10.0.40219.1
Project("{9A19103F-16F7-4668-BE54-9A1E7A4F7556}") = "SpotifyPlaylistDownloader", "SpotifyPlaylistDownloader\SpotifyPlaylistDownloader.csproj", "{F98CE59E-0C42-4A42-AA91-B90A051B44C1}"
EndProject
Global
	GlobalSection(SolutionConfigurationPlatforms) = preSolution
		Debug|Any CPU = Debug|Any CPU
		Release|Any CPU = Release|Any CPU
	EndGlobalSection
	GlobalSection(ProjectConfigurationPlatforms) = postSolution
		{F98CE59E-0C42-4A42-AA91-B90A051B44C1}.Debug|Any CPU.ActiveCfg = Debug|Any CPU
		{F98CE59E-0C42-4A42-AA91-B90A051B44C1}.Debug|Any CPU.Build.0 = Debug|Any CPU
		{F98CE59E-0C42-4A42-AA91-B90A051B44C1}.Release|Any CPU.ActiveCfg = Release|Any CPU
		{F98CE59E-0C42-4A42-AA91-B90A051B44C1}.Release|Any CPU.Build.0 = Release|Any CPU
	EndGlobalSection
	GlobalSection(SolutionProperties) = preSolution
		HideSolutionNode = FALSE
	EndGlobalSection
	GlobalSection(ExtensibilityGlobals) = postSolution
		SolutionGuid = {36985CFD-9E9C-4033-BD61-D96A54ADEB70}
	EndGlobalSection
EndGlobal
